
Microsoft Visual Studio Solution File, Format Version 12.00
# Visual Studio Version 17
VisualStudioVersion = 17.13.36105.23 d17.13
MinimumVisualStudioVersion = 10.0.40219.1
Project("{FAE04EC0-301F-11D3-BF4B-00C04F79EFBC}") = "Sınıf Listesi Oluşturma", "Sınıf Listesi Oluşturma\Sınıf Listesi Oluşturma.csproj", "{6B7A4933-82EB-41CE-BF7A-ED855A9FFE33}"
EndProject
Global
	GlobalSection(SolutionConfigurationPlatforms) = preSolution
		Debug|Any CPU = Debug|Any CPU
		Release|Any CPU = Release|Any CPU
	EndGlobalSection
	GlobalSection(ProjectConfigurationPlatforms) = postSolution
		{6B7A4933-82EB-41CE-BF7A-ED855A9FFE33}.Debug|Any CPU.ActiveCfg = Debug|Any CPU
		{6B7A4933-82EB-41CE-BF7A-ED855A9FFE33}.Debug|Any CPU.Build.0 = Debug|Any CPU
		{6B7A4933-82EB-41CE-BF7A-ED855A9FFE33}.Release|Any CPU.ActiveCfg = Release|Any CPU
		{6B7A4933-82EB-41CE-BF7A-ED855A9FFE33}.Release|Any CPU.Build.0 = Release|Any CPU
	EndGlobalSection
	GlobalSection(SolutionProperties) = preSolution
		HideSolutionNode = FALSE
	EndGlobalSection
	GlobalSection(ExtensibilityGlobals) = postSolution
		SolutionGuid = {537BFD32-F640-4A84-A253-BC791BFB1C33}
	EndGlobalSection
EndGlobal
